
Microsoft Visual Studio Solution File, Format Version 12.00
# Visual Studio 15
VisualStudioVersion = 15.0.28307.902
MinimumVisualStudioVersion = 10.0.40219.1
Project("{8BC9CEB8-8B4A-11D0-8D11-00A0C91BC942}") = "VS2017", "VS2017\VS2017.vcxproj", "{99147257-624F-4C9D-8371-62036542014C}"
EndProject
Project("{8BC9CEB8-8B4A-11D0-8D11-00A0C91BC942}") = "Demo01", "Demo01\Demo01.vcxproj", "{606E69B8-BD6D-4970-A6E5-23ACDE0641EA}"
EndProject
Project("{8BC9CEB8-8B4A-11D0-8D11-00A0C91BC942}") = "DemoMFC01", "DemoMFC01\DemoMFC01.vcxproj", "{629A0DD5-B81F-41A5-B3ED-66217854F07D}"
EndProject
Project("{8BC9CEB8-8B4A-11D0-8D11-00A0C91BC942}") = "Demo02", "Demo02\Demo02.vcxproj", "{745749F6-9484-4A42-B9BF-6846FCCE454B}"
EndProject
Project("{8BC9CEB8-8B4A-11D0-8D11-00A0C91BC942}") = "DemoDll01", "DemoDll01\DemoDll01.vcxproj", "{BDC66412-30ED-400B-9290-8BD085F70E94}"
EndProject
Project("{8BC9CEB8-8B4A-11D0-8D11-00A0C91BC942}") = "Demo03", "Demo03\Demo03.vcxproj", "{9C137892-9C24-4DA4-A1F5-2318172C6C00}"
EndProject
Project("{8BC9CEB8-8B4A-11D0-8D11-00A0C91BC942}") = "Demo04", "Demo04\Demo04.vcxproj", "{68050DF3-4849-4037-9E64-CD2F098CCF94}"
EndProject
Project("{8BC9CEB8-8B4A-11D0-8D11-00A0C91BC942}") = "DemoMFC02", "DemoMFC02\DemoMFC02.vcxproj", "{ED12E2B2-2B0A-47FC-876E-A2028C7A1E11}"
EndProject
Project("{8BC9CEB8-8B4A-11D0-8D11-00A0C91BC942}") = "Demo05", "Demo05\Demo05.vcxproj", "{2329FD3C-E43D-48D4-83E4-445A66068CE2}"
EndProject
Project("{8BC9CEB8-8B4A-11D0-8D11-00A0C91BC942}") = "DemoMFC03", "DemoMFC03\DemoMFC03.vcxproj", "{921021B0-F601-466D-BCD3-E2332093F1AE}"
EndProject
Project("{8BC9CEB8-8B4A-11D0-8D11-00A0C91BC942}") = "Demo06", "Demo06\Demo06.vcxproj", "{0714B963-AAD3-47EB-B387-848FD904EFE2}"
EndProject
Project("{8BC9CEB8-8B4A-11D0-8D11-00A0C91BC942}") = "Demo07", "Demo07\Demo07.vcxproj", "{304CEA86-7DD8-49CD-AAFB-E47F214B671F}"
EndProject
Project("{8BC9CEB8-8B4A-11D0-8D11-00A0C91BC942}") = "DemoMFC04", "DemoMFC04\DemoMFC04.vcxproj", "{88BD10D2-89BF-4D79-9DDD-335C07B12A3E}"
EndProject
Project("{8BC9CEB8-8B4A-11D0-8D11-00A0C91BC942}") = "Demo08", "Demo08\Demo08.vcxproj", "{4DE073E7-1000-417E-9ECA-ABEEC0A46695}"
EndProject
Global
	GlobalSection(SolutionConfigurationPlatforms) = preSolution
		Debug|x64 = Debug|x64
		Debug|x86 = Debug|x86
		Release|x64 = Release|x64
		Release|x86 = Release|x86
	EndGlobalSection
	GlobalSection(ProjectConfigurationPlatforms) = postSolution
		{99147257-624F-4C9D-8371-62036542014C}.Debug|x64.ActiveCfg = Debug|x64
		{99147257-624F-4C9D-8371-62036542014C}.Debug|x64.Build.0 = Debug|x64
		{99147257-624F-4C9D-8371-62036542014C}.Debug|x86.ActiveCfg = Debug|Win32
		{99147257-624F-4C9D-8371-62036542014C}.Debug|x86.Build.0 = Debug|Win32
		{99147257-624F-4C9D-8371-62036542014C}.Release|x64.ActiveCfg = Release|x64
		{99147257-624F-4C9D-8371-62036542014C}.Release|x64.Build.0 = Release|x64
		{99147257-624F-4C9D-8371-62036542014C}.Release|x86.ActiveCfg = Release|Win32
		{99147257-624F-4C9D-8371-62036542014C}.Release|x86.Build.0 = Release|Win32
		{606E69B8-BD6D-4970-A6E5-23ACDE0641EA}.Debug|x64.ActiveCfg = Debug|x64
		{606E69B8-BD6D-4970-A6E5-23ACDE0641EA}.Debug|x64.Build.0 = Debug|x64
		{606E69B8-BD6D-4970-A6E5-23ACDE0641EA}.Debug|x86.ActiveCfg = Debug|Win32
		{606E69B8-BD6D-4970-A6E5-23ACDE0641EA}.Debug|x86.Build.0 = Debug|Win32
		{606E69B8-BD6D-4970-A6E5-23ACDE0641EA}.Release|x64.ActiveCfg = Release|x64
		{606E69B8-BD6D-4970-A6E5-23ACDE0641EA}.Release|x64.Build.0 = Release|x64
		{606E69B8-BD6D-4970-A6E5-23ACDE0641EA}.Release|x86.ActiveCfg = Release|Win32
		{606E69B8-BD6D-4970-A6E5-23ACDE0641EA}.Release|x86.Build.0 = Release|Win32
		{629A0DD5-B81F-41A5-B3ED-66217854F07D}.Debug|x64.ActiveCfg = Debug|x64
		{629A0DD5-B81F-41A5-B3ED-66217854F07D}.Debug|x64.Build.0 = Debug|x64
		{629A0DD5-B81F-41A5-B3ED-66217854F07D}.Debug|x86.ActiveCfg = Debug|Win32
		{629A0DD5-B81F-41A5-B3ED-66217854F07D}.Debug|x86.Build.0 = Debug|Win32
		{629A0DD5-B81F-41A5-B3ED-66217854F07D}.Release|x64.ActiveCfg = Release|x64
		{629A0DD5-B81F-41A5-B3ED-66217854F07D}.Release|x64.Build.0 = Release|x64
		{629A0DD5-B81F-41A5-B3ED-66217854F07D}.Release|x86.ActiveCfg = Release|Win32
		{629A0DD5-B81F-41A5-B3ED-66217854F07D}.Release|x86.Build.0 = Release|Win32
		{745749F6-9484-4A42-B9BF-6846FCCE454B}.Debug|x64.ActiveCfg = Debug|x64
		{745749F6-9484-4A42-B9BF-6846FCCE454B}.Debug|x64.Build.0 = Debug|x64
		{745749F6-9484-4A42-B9BF-6846FCCE454B}.Debug|x86.ActiveCfg = Debug|Win32
		{745749F6-9484-4A42-B9BF-6846FCCE454B}.Debug|x86.Build.0 = Debug|Win32
		{745749F6-9484-4A42-B9BF-6846FCCE454B}.Release|x64.ActiveCfg = Release|x64
		{745749F6-9484-4A42-B9BF-6846FCCE454B}.Release|x64.Build.0 = Release|x64
		{745749F6-9484-4A42-B9BF-6846FCCE454B}.Release|x86.ActiveCfg = Release|Win32
		{745749F6-9484-4A42-B9BF-6846FCCE454B}.Release|x86.Build.0 = Release|Win32
		{BDC66412-30ED-400B-9290-8BD085F70E94}.Debug|x64.ActiveCfg = Debug|x64
		{BDC66412-30ED-400B-9290-8BD085F70E94}.Debug|x64.Build.0 = Debug|x64
		{BDC66412-30ED-400B-9290-8BD085F70E94}.Debug|x86.ActiveCfg = Debug|Win32
		{BDC66412-30ED-400B-9290-8BD085F70E94}.Debug|x86.Build.0 = Debug|Win32
		{BDC66412-30ED-400B-9290-8BD085F70E94}.Release|x64.ActiveCfg = Release|x64
		{BDC66412-30ED-400B-9290-8BD085F70E94}.Release|x64.Build.0 = Release|x64
		{BDC66412-30ED-400B-9290-8BD085F70E94}.Release|x86.ActiveCfg = Release|Win32
		{BDC66412-30ED-400B-9290-8BD085F70E94}.Release|x86.Build.0 = Release|Win32
		{9C137892-9C24-4DA4-A1F5-2318172C6C00}.Debug|x64.ActiveCfg = Debug|x64
		{9C137892-9C24-4DA4-A1F5-2318172C6C00}.Debug|x64.Build.0 = Debug|x64
		{9C137892-9C24-4DA4-A1F5-2318172C6C00}.Debug|x86.ActiveCfg = Debug|Win32
		{9C137892-9C24-4DA4-A1F5-2318172C6C00}.Debug|x86.Build.0 = Debug|Win32
		{9C137892-9C24-4DA4-A1F5-2318172C6C00}.Release|x64.ActiveCfg = Release|x64
		{9C137892-9C24-4DA4-A1F5-2318172C6C00}.Release|x64.Build.0 = Release|x64
		{9C137892-9C24-4DA4-A1F5-2318172C6C00}.Release|x86.ActiveCfg = Release|Win32
		{9C137892-9C24-4DA4-A1F5-2318172C6C00}.Release|x86.Build.0 = Release|Win32
		{68050DF3-4849-4037-9E64-CD2F098CCF94}.Debug|x64.ActiveCfg = Debug|x64
		{68050DF3-4849-4037-9E64-CD2F098CCF94}.Debug|x64.Build.0 = Debug|x64
		{68050DF3-4849-4037-9E64-CD2F098CCF94}.Debug|x86.ActiveCfg = Debug|Win32
		{68050DF3-4849-4037-9E64-CD2F098CCF94}.Debug|x86.Build.0 = Debug|Win32
		{68050DF3-4849-4037-9E64-CD2F098CCF94}.Release|x64.ActiveCfg = Release|x64
		{68050DF3-4849-4037-9E64-CD2F098CCF94}.Release|x64.Build.0 = Release|x64
		{68050DF3-4849-4037-9E64-CD2F098CCF94}.Release|x86.ActiveCfg = Release|Win32
		{68050DF3-4849-4037-9E64-CD2F098CCF94}.Release|x86.Build.0 = Release|Win32
		{ED12E2B2-2B0A-47FC-876E-A2028C7A1E11}.Debug|x64.ActiveCfg = Debug|x64
		{ED12E2B2-2B0A-47FC-876E-A2028C7A1E11}.Debug|x64.Build.0 = Debug|x64
		{ED12E2B2-2B0A-47FC-876E-A2028C7A1E11}.Debug|x86.ActiveCfg = Debug|Win32
		{ED12E2B2-2B0A-47FC-876E-A2028C7A1E11}.Debug|x86.Build.0 = Debug|Win32
		{ED12E2B2-2B0A-47FC-876E-A2028C7A1E11}.Release|x64.ActiveCfg = Release|x64
		{ED12E2B2-2B0A-47FC-876E-A2028C7A1E11}.Release|x64.Build.0 = Release|x64
		{ED12E2B2-2B0A-47FC-876E-A2028C7A1E11}.Release|x86.ActiveCfg = Release|Win32
		{ED12E2B2-2B0A-47FC-876E-A2028C7A1E11}.Release|x86.Build.0 = Release|Win32
		{2329FD3C-E43D-48D4-83E4-445A66068CE2}.Debug|x64.ActiveCfg = Debug|x64
		{2329FD3C-E43D-48D4-83E4-445A66068CE2}.Debug|x64.Build.0 = Debug|x64
		{2329FD3C-E43D-48D4-83E4-445A66068CE2}.Debug|x86.ActiveCfg = Debug|Win32
		{2329FD3C-E43D-48D4-83E4-445A66068CE2}.Debug|x86.Build.0 = Debug|Win32
		{2329FD3C-E43D-48D4-83E4-445A66068CE2}.Release|x64.ActiveCfg = Release|x64
		{2329FD3C-E43D-48D4-83E4-445A66068CE2}.Release|x64.Build.0 = Release|x64
		{2329FD3C-E43D-48D4-83E4-445A66068CE2}.Release|x86.ActiveCfg = Release|Win32
		{2329FD3C-E43D-48D4-83E4-445A66068CE2}.Release|x86.Build.0 = Release|Win32
		{921021B0-F601-466D-BCD3-E2332093F1AE}.Debug|x64.ActiveCfg = Debug|x64
		{921021B0-F601-466D-BCD3-E2332093F1AE}.Debug|x64.Build.0 = Debug|x64
		{921021B0-F601-466D-BCD3-E2332093F1AE}.Debug|x86.ActiveCfg = Debug|Win32
		{921021B0-F601-466D-BCD3-E2332093F1AE}.Debug|x86.Build.0 = Debug|Win32
		{921021B0-F601-466D-BCD3-E2332093F1AE}.Release|x64.ActiveCfg = Release|x64
		{921021B0-F601-466D-BCD3-E2332093F1AE}.Release|x64.Build.0 = Release|x64
		{921021B0-F601-466D-BCD3-E2332093F1AE}.Release|x86.ActiveCfg = Release|Win32
		{921021B0-F601-466D-BCD3-E2332093F1AE}.Release|x86.Build.0 = Release|Win32
		{0714B963-AAD3-47EB-B387-848FD904EFE2}.Debug|x64.ActiveCfg = Debug|x64
		{0714B963-AAD3-47EB-B387-848FD904EFE2}.Debug|x64.Build.0 = Debug|x64
		{0714B963-AAD3-47EB-B387-848FD904EFE2}.Debug|x86.ActiveCfg = Debug|Win32
		{0714B963-AAD3-47EB-B387-848FD904EFE2}.Debug|x86.Build.0 = Debug|Win32
		{0714B963-AAD3-47EB-B387-848FD904EFE2}.Release|x64.ActiveCfg = Release|x64
		{0714B963-AAD3-47EB-B387-848FD904EFE2}.Release|x64.Build.0 = Release|x64
		{0714B963-AAD3-47EB-B387-848FD904EFE2}.Release|x86.ActiveCfg = Release|Win32
		{0714B963-AAD3-47EB-B387-848FD904EFE2}.Release|x86.Build.0 = Release|Win32
		{304CEA86-7DD8-49CD-AAFB-E47F214B671F}.Debug|x64.ActiveCfg = Debug|x64
		{304CEA86-7DD8-49CD-AAFB-E47F214B671F}.Debug|x64.Build.0 = Debug|x64
		{304CEA86-7DD8-49CD-AAFB-E47F214B671F}.Debug|x86.ActiveCfg = Debug|Win32
		{304CEA86-7DD8-49CD-AAFB-E47F214B671F}.Debug|x86.Build.0 = Debug|Win32
		{304CEA86-7DD8-49CD-AAFB-E47F214B671F}.Release|x64.ActiveCfg = Release|x64
		{304CEA86-7DD8-49CD-AAFB-E47F214B671F}.Release|x64.Build.0 = Release|x64
		{304CEA86-7DD8-49CD-AAFB-E47F214B671F}.Release|x86.ActiveCfg = Release|Win32
		{304CEA86-7DD8-49CD-AAFB-E47F214B671F}.Release|x86.Build.0 = Release|Win32
		{88BD10D2-89BF-4D79-9DDD-335C07B12A3E}.Debug|x64.ActiveCfg = Debug|x64
		{88BD10D2-89BF-4D79-9DDD-335C07B12A3E}.Debug|x64.Build.0 = Debug|x64
		{88BD10D2-89BF-4D79-9DDD-335C07B12A3E}.Debug|x86.ActiveCfg = Debug|Win32
		{88BD10D2-89BF-4D79-9DDD-335C07B12A3E}.Debug|x86.Build.0 = Debug|Win32
		{88BD10D2-89BF-4D79-9DDD-335C07B12A3E}.Release|x64.ActiveCfg = Release|x64
		{88BD10D2-89BF-4D79-9DDD-335C07B12A3E}.Release|x64.Build.0 = Release|x64
		{88BD10D2-89BF-4D79-9DDD-335C07B12A3E}.Release|x86.ActiveCfg = Release|Win32
		{88BD10D2-89BF-4D79-9DDD-335C07B12A3E}.Release|x86.Build.0 = Release|Win32
		{4DE073E7-1000-417E-9ECA-ABEEC0A46695}.Debug|x64.ActiveCfg = Debug|x64
		{4DE073E7-1000-417E-9ECA-ABEEC0A46695}.Debug|x64.Build.0 = Debug|x64
		{4DE073E7-1000-417E-9ECA-ABEEC0A46695}.Debug|x86.ActiveCfg = Debug|Win32
		{4DE073E7-1000-417E-9ECA-ABEEC0A46695}.Debug|x86.Build.0 = Debug|Win32
		{4DE073E7-1000-417E-9ECA-ABEEC0A46695}.Release|x64.ActiveCfg = Release|x64
		{4DE073E7-1000-417E-9ECA-ABEEC0A46695}.Release|x64.Build.0 = Release|x64
		{4DE073E7-1000-417E-9ECA-ABEEC0A46695}.Release|x86.ActiveCfg = Release|Win32
		{4DE073E7-1000-417E-9ECA-ABEEC0A46695}.Release|x86.Build.0 = Release|Win32
	EndGlobalSection
	GlobalSection(SolutionProperties) = preSolution
		HideSolutionNode = FALSE
	EndGlobalSection
	GlobalSection(ExtensibilityGlobals) = postSolution
		SolutionGuid = {A949EA68-3EA3-4703-98E4-C5362E0284B1}
	EndGlobalSection
EndGlobal
