
Microsoft Visual Studio Solution File, Format Version 12.00
# Visual Studio 15
VisualStudioVersion = 15.0.28307.902
MinimumVisualStudioVersion = 10.0.40219.1
Project("{8BC9CEB8-8B4A-11D0-8D11-00A0C91BC942}") = "VS2017", "VS2017\VS2017.vcxproj", "{99147257-624F-4C9D-8371-62036542014C}"
EndProject
Project("{8BC9CEB8-8B4A-11D0-8D11-00A0C91BC942}") = "Demo01", "Demo01\Demo01.vcxproj", "{606E69B8-BD6D-4970-A6E5-23ACDE0641EA}"
EndProject
Project("{8BC9CEB8-8B4A-11D0-8D11-00A0C91BC942}") = "DemoMFC01", "DemoMFC01\DemoMFC01.vcxproj", "{629A0DD5-B81F-41A5-B3ED-66217854F07D}"
EndProject
Project("{8BC9CEB8-8B4A-11D0-8D11-00A0C91BC942}") = "Demo02", "Demo02\Demo02.vcxproj", "{745749F6-9484-4A42-B9BF-6846FCCE454B}"
EndProject
Global
	GlobalSection(SolutionConfigurationPlatforms) = preSolution
		Debug|x64 = Debug|x64
		Debug|x86 = Debug|x86
		Release|x64 = Release|x64
		Release|x86 = Release|x86
	EndGlobalSection
	GlobalSection(ProjectConfigurationPlatforms) = postSolution
		{99147257-624F-4C9D-8371-62036542014C}.Debug|x64.ActiveCfg = Debug|x64
		{99147257-624F-4C9D-8371-62036542014C}.Debug|x64.Build.0 = Debug|x64
		{99147257-624F-4C9D-8371-62036542014C}.Debug|x86.ActiveCfg = Debug|Win32
		{99147257-624F-4C9D-8371-62036542014C}.Debug|x86.Build.0 = Debug|Win32
		{99147257-624F-4C9D-8371-62036542014C}.Release|x64.ActiveCfg = Release|x64
		{99147257-624F-4C9D-8371-62036542014C}.Release|x64.Build.0 = Release|x64
		{99147257-624F-4C9D-8371-62036542014C}.Release|x86.ActiveCfg = Release|Win32
		{99147257-624F-4C9D-8371-62036542014C}.Release|x86.Build.0 = Release|Win32
		{606E69B8-BD6D-4970-A6E5-23ACDE0641EA}.Debug|x64.ActiveCfg = Debug|x64
		{606E69B8-BD6D-4970-A6E5-23ACDE0641EA}.Debug|x64.Build.0 = Debug|x64
		{606E69B8-BD6D-4970-A6E5-23ACDE0641EA}.Debug|x86.ActiveCfg = Debug|Win32
		{606E69B8-BD6D-4970-A6E5-23ACDE0641EA}.Debug|x86.Build.0 = Debug|Win32
		{606E69B8-BD6D-4970-A6E5-23ACDE0641EA}.Release|x64.ActiveCfg = Release|x64
		{606E69B8-BD6D-4970-A6E5-23ACDE0641EA}.Release|x64.Build.0 = Release|x64
		{606E69B8-BD6D-4970-A6E5-23ACDE0641EA}.Release|x86.ActiveCfg = Release|Win32
		{606E69B8-BD6D-4970-A6E5-23ACDE0641EA}.Release|x86.Build.0 = Release|Win32
		{629A0DD5-B81F-41A5-B3ED-66217854F07D}.Debug|x64.ActiveCfg = Debug|x64
		{629A0DD5-B81F-41A5-B3ED-66217854F07D}.Debug|x64.Build.0 = Debug|x64
		{629A0DD5-B81F-41A5-B3ED-66217854F07D}.Debug|x86.ActiveCfg = Debug|Win32
		{629A0DD5-B81F-41A5-B3ED-66217854F07D}.Debug|x86.Build.0 = Debug|Win32
		{629A0DD5-B81F-41A5-B3ED-66217854F07D}.Release|x64.ActiveCfg = Release|x64
		{629A0DD5-B81F-41A5-B3ED-66217854F07D}.Release|x64.Build.0 = Release|x64
		{629A0DD5-B81F-41A5-B3ED-66217854F07D}.Release|x86.ActiveCfg = Release|Win32
		{629A0DD5-B81F-41A5-B3ED-66217854F07D}.Release|x86.Build.0 = Release|Win32
		{745749F6-9484-4A42-B9BF-6846FCCE454B}.Debug|x64.ActiveCfg = Debug|x64
		{745749F6-9484-4A42-B9BF-6846FCCE454B}.Debug|x64.Build.0 = Debug|x64
		{745749F6-9484-4A42-B9BF-6846FCCE454B}.Debug|x86.ActiveCfg = Debug|Win32
		{745749F6-9484-4A42-B9BF-6846FCCE454B}.Debug|x86.Build.0 = Debug|Win32
		{745749F6-9484-4A42-B9BF-6846FCCE454B}.Release|x64.ActiveCfg = Release|x64
		{745749F6-9484-4A42-B9BF-6846FCCE454B}.Release|x64.Build.0 = Release|x64
		{745749F6-9484-4A42-B9BF-6846FCCE454B}.Release|x86.ActiveCfg = Release|Win32
		{745749F6-9484-4A42-B9BF-6846FCCE454B}.Release|x86.Build.0 = Release|Win32
	EndGlobalSection
	GlobalSection(SolutionProperties) = preSolution
		HideSolutionNode = FALSE
	EndGlobalSection
	GlobalSection(ExtensibilityGlobals) = postSolution
		SolutionGuid = {A949EA68-3EA3-4703-98E4-C5362E0284B1}
	EndGlobalSection
EndGlobal
