
Microsoft Visual Studio Solution File, Format Version 12.00
# Visual Studio Version 16
VisualStudioVersion = 16.0.29728.190
MinimumVisualStudioVersion = 10.0.40219.1
Project("{8BC9CEB8-8B4A-11D0-8D11-00A0C91BC942}") = "数据结构", "数据结构\数据结构.vcxproj", "{35A890DE-56FF-4F9F-A55D-3A5299CEB477}"
EndProject
Project("{8BC9CEB8-8B4A-11D0-8D11-00A0C91BC942}") = "链表", "链表\链表.vcxproj", "{C8B6ED92-1DC2-4297-A189-665D9703D1D0}"
EndProject
Project("{8BC9CEB8-8B4A-11D0-8D11-00A0C91BC942}") = "枚举类型", "枚举类型\枚举类型.vcxproj", "{FD49BABA-0DB3-48C2-BFB8-344DD5ABEC47}"
EndProject
Project("{8BC9CEB8-8B4A-11D0-8D11-00A0C91BC942}") = "文件操作", "文件操作\文件操作.vcxproj", "{DFBD1105-333E-4DEF-8227-7985D19CCFF1}"
EndProject
Global
	GlobalSection(SolutionConfigurationPlatforms) = preSolution
		Debug|x64 = Debug|x64
		Debug|x86 = Debug|x86
		Release|x64 = Release|x64
		Release|x86 = Release|x86
	EndGlobalSection
	GlobalSection(ProjectConfigurationPlatforms) = postSolution
		{35A890DE-56FF-4F9F-A55D-3A5299CEB477}.Debug|x64.ActiveCfg = Debug|x64
		{35A890DE-56FF-4F9F-A55D-3A5299CEB477}.Debug|x64.Build.0 = Debug|x64
		{35A890DE-56FF-4F9F-A55D-3A5299CEB477}.Debug|x86.ActiveCfg = Debug|Win32
		{35A890DE-56FF-4F9F-A55D-3A5299CEB477}.Debug|x86.Build.0 = Debug|Win32
		{35A890DE-56FF-4F9F-A55D-3A5299CEB477}.Release|x64.ActiveCfg = Release|x64
		{35A890DE-56FF-4F9F-A55D-3A5299CEB477}.Release|x64.Build.0 = Release|x64
		{35A890DE-56FF-4F9F-A55D-3A5299CEB477}.Release|x86.ActiveCfg = Release|Win32
		{35A890DE-56FF-4F9F-A55D-3A5299CEB477}.Release|x86.Build.0 = Release|Win32
		{C8B6ED92-1DC2-4297-A189-665D9703D1D0}.Debug|x64.ActiveCfg = Debug|x64
		{C8B6ED92-1DC2-4297-A189-665D9703D1D0}.Debug|x64.Build.0 = Debug|x64
		{C8B6ED92-1DC2-4297-A189-665D9703D1D0}.Debug|x86.ActiveCfg = Debug|Win32
		{C8B6ED92-1DC2-4297-A189-665D9703D1D0}.Debug|x86.Build.0 = Debug|Win32
		{C8B6ED92-1DC2-4297-A189-665D9703D1D0}.Release|x64.ActiveCfg = Release|x64
		{C8B6ED92-1DC2-4297-A189-665D9703D1D0}.Release|x64.Build.0 = Release|x64
		{C8B6ED92-1DC2-4297-A189-665D9703D1D0}.Release|x86.ActiveCfg = Release|Win32
		{C8B6ED92-1DC2-4297-A189-665D9703D1D0}.Release|x86.Build.0 = Release|Win32
		{FD49BABA-0DB3-48C2-BFB8-344DD5ABEC47}.Debug|x64.ActiveCfg = Debug|x64
		{FD49BABA-0DB3-48C2-BFB8-344DD5ABEC47}.Debug|x64.Build.0 = Debug|x64
		{FD49BABA-0DB3-48C2-BFB8-344DD5ABEC47}.Debug|x86.ActiveCfg = Debug|Win32
		{FD49BABA-0DB3-48C2-BFB8-344DD5ABEC47}.Debug|x86.Build.0 = Debug|Win32
		{FD49BABA-0DB3-48C2-BFB8-344DD5ABEC47}.Release|x64.ActiveCfg = Release|x64
		{FD49BABA-0DB3-48C2-BFB8-344DD5ABEC47}.Release|x64.Build.0 = Release|x64
		{FD49BABA-0DB3-48C2-BFB8-344DD5ABEC47}.Release|x86.ActiveCfg = Release|Win32
		{FD49BABA-0DB3-48C2-BFB8-344DD5ABEC47}.Release|x86.Build.0 = Release|Win32
		{DFBD1105-333E-4DEF-8227-7985D19CCFF1}.Debug|x64.ActiveCfg = Debug|x64
		{DFBD1105-333E-4DEF-8227-7985D19CCFF1}.Debug|x64.Build.0 = Debug|x64
		{DFBD1105-333E-4DEF-8227-7985D19CCFF1}.Debug|x86.ActiveCfg = Debug|Win32
		{DFBD1105-333E-4DEF-8227-7985D19CCFF1}.Debug|x86.Build.0 = Debug|Win32
		{DFBD1105-333E-4DEF-8227-7985D19CCFF1}.Release|x64.ActiveCfg = Release|x64
		{DFBD1105-333E-4DEF-8227-7985D19CCFF1}.Release|x64.Build.0 = Release|x64
		{DFBD1105-333E-4DEF-8227-7985D19CCFF1}.Release|x86.ActiveCfg = Release|Win32
		{DFBD1105-333E-4DEF-8227-7985D19CCFF1}.Release|x86.Build.0 = Release|Win32
	EndGlobalSection
	GlobalSection(SolutionProperties) = preSolution
		HideSolutionNode = FALSE
	EndGlobalSection
	GlobalSection(ExtensibilityGlobals) = postSolution
		SolutionGuid = {F3B3B9ED-3B70-4C7C-9BA9-2EE9ED777032}
	EndGlobalSection
EndGlobal
